
Microsoft Visual Studio Solution File, Format Version 12.00
# Visual Studio Version 16
VisualStudioVersion = 16.0.30907.101
MinimumVisualStudioVersion = 10.0.40219.1
Project("{9A19103F-16F7-4668-BE54-9A1E7A4F7556}") = "VisitaNaFeira", "VisitaNaFeira\VisitaNaFeira.csproj", "{E8F6FE9D-5549-45AE-BD95-3983D89E1990}"
EndProject
Project("{9A19103F-16F7-4668-BE54-9A1E7A4F7556}") = "Tuitando", "Tuitando\Tuitando.csproj", "{15CBC8E0-3C4A-4B6E-9329-7054FC4CFE60}"
EndProject
Project("{FAE04EC0-301F-11D3-BF4B-00C04F79EFBC}") = "ValidacaoDeNota", "ValidacaoDeNota\ValidacaoDeNota.csproj", "{BED8270F-1E2E-4B82-97B5-33515B0495DA}"
EndProject
Project("{FAE04EC0-301F-11D3-BF4B-00C04F79EFBC}") = "TesteDeSelecao1", "TesteDeSelecao1\TesteDeSelecao1.csproj", "{B2403F23-A92D-4FED-88BE-E4CE98A49C07}"
EndProject
Project("{FAE04EC0-301F-11D3-BF4B-00C04F79EFBC}") = "Triangulo", "Triangulo\Triangulo.csproj", "{38CB7BD1-0812-43E2-A49B-762EFD1391F5}"
EndProject
Project("{FAE04EC0-301F-11D3-BF4B-00C04F79EFBC}") = "NotasEMoedas", "NotasEMoedas\NotasEMoedas.csproj", "{4418881F-6B0D-42C0-9AAE-5D89057CE063}"
EndProject
Global
	GlobalSection(SolutionConfigurationPlatforms) = preSolution
		Debug|Any CPU = Debug|Any CPU
		Release|Any CPU = Release|Any CPU
	EndGlobalSection
	GlobalSection(ProjectConfigurationPlatforms) = postSolution
		{E8F6FE9D-5549-45AE-BD95-3983D89E1990}.Debug|Any CPU.ActiveCfg = Debug|Any CPU
		{E8F6FE9D-5549-45AE-BD95-3983D89E1990}.Debug|Any CPU.Build.0 = Debug|Any CPU
		{E8F6FE9D-5549-45AE-BD95-3983D89E1990}.Release|Any CPU.ActiveCfg = Release|Any CPU
		{E8F6FE9D-5549-45AE-BD95-3983D89E1990}.Release|Any CPU.Build.0 = Release|Any CPU
		{15CBC8E0-3C4A-4B6E-9329-7054FC4CFE60}.Debug|Any CPU.ActiveCfg = Debug|Any CPU
		{15CBC8E0-3C4A-4B6E-9329-7054FC4CFE60}.Debug|Any CPU.Build.0 = Debug|Any CPU
		{15CBC8E0-3C4A-4B6E-9329-7054FC4CFE60}.Release|Any CPU.ActiveCfg = Release|Any CPU
		{15CBC8E0-3C4A-4B6E-9329-7054FC4CFE60}.Release|Any CPU.Build.0 = Release|Any CPU
		{BED8270F-1E2E-4B82-97B5-33515B0495DA}.Debug|Any CPU.ActiveCfg = Debug|Any CPU
		{BED8270F-1E2E-4B82-97B5-33515B0495DA}.Debug|Any CPU.Build.0 = Debug|Any CPU
		{BED8270F-1E2E-4B82-97B5-33515B0495DA}.Release|Any CPU.ActiveCfg = Release|Any CPU
		{BED8270F-1E2E-4B82-97B5-33515B0495DA}.Release|Any CPU.Build.0 = Release|Any CPU
		{B2403F23-A92D-4FED-88BE-E4CE98A49C07}.Debug|Any CPU.ActiveCfg = Debug|Any CPU
		{B2403F23-A92D-4FED-88BE-E4CE98A49C07}.Debug|Any CPU.Build.0 = Debug|Any CPU
		{B2403F23-A92D-4FED-88BE-E4CE98A49C07}.Release|Any CPU.ActiveCfg = Release|Any CPU
		{B2403F23-A92D-4FED-88BE-E4CE98A49C07}.Release|Any CPU.Build.0 = Release|Any CPU
		{38CB7BD1-0812-43E2-A49B-762EFD1391F5}.Debug|Any CPU.ActiveCfg = Debug|Any CPU
		{38CB7BD1-0812-43E2-A49B-762EFD1391F5}.Debug|Any CPU.Build.0 = Debug|Any CPU
		{38CB7BD1-0812-43E2-A49B-762EFD1391F5}.Release|Any CPU.ActiveCfg = Release|Any CPU
		{38CB7BD1-0812-43E2-A49B-762EFD1391F5}.Release|Any CPU.Build.0 = Release|Any CPU
		{4418881F-6B0D-42C0-9AAE-5D89057CE063}.Debug|Any CPU.ActiveCfg = Debug|Any CPU
		{4418881F-6B0D-42C0-9AAE-5D89057CE063}.Debug|Any CPU.Build.0 = Debug|Any CPU
		{4418881F-6B0D-42C0-9AAE-5D89057CE063}.Release|Any CPU.ActiveCfg = Release|Any CPU
		{4418881F-6B0D-42C0-9AAE-5D89057CE063}.Release|Any CPU.Build.0 = Release|Any CPU
	EndGlobalSection
	GlobalSection(SolutionProperties) = preSolution
		HideSolutionNode = FALSE
	EndGlobalSection
	GlobalSection(ExtensibilityGlobals) = postSolution
		SolutionGuid = {393F918B-055A-4875-8850-F3026E8BE3E7}
	EndGlobalSection
EndGlobal
